
Microsoft Visual Studio Solution File, Format Version 12.00
Project("{FAE04EC0-301F-11D3-BF4B-00C04F79EFBC}") = "Workshop1.DependencyInjection", "Workshop1.DependencyInjection\Workshop1.DependencyInjection.csproj", "{2B460220-209F-4C80-9AD5-2247CB34D1D1}"
EndProject
Project("{FAE04EC0-301F-11D3-BF4B-00C04F79EFBC}") = "Workshop2.UnitTesting", "Workshop2.UnitTesting\Workshop2.UnitTesting.csproj", "{678C9B57-F36B-4FA1-A2B9-9F2E033E1C26}"
EndProject
Project("{FAE04EC0-301F-11D3-BF4B-00C04F79EFBC}") = "Workshop2.UnitTesting.Tests", "Workshop2.UnitTesting.Tests\Workshop2.UnitTesting.Tests.csproj", "{D748C0E3-0B71-424E-9DE9-321B1DA2FF38}"
EndProject
Project("{2150E333-8FDC-42A3-9474-1A3956D46DE8}") = "Workshop 1 - Dependency Injection", "Workshop 1 - Dependency Injection", "{0878D748-71C8-41CB-B442-91B2040CC2FB}"
EndProject
Project("{2150E333-8FDC-42A3-9474-1A3956D46DE8}") = "Workshop 2 - Unit testing", "Workshop 2 - Unit testing", "{8E1924D6-9A3C-43D5-8ECB-B32218E4828E}"
EndProject
Project("{FAE04EC0-301F-11D3-BF4B-00C04F79EFBC}") = "Workshop3.EFCore.Data.EFCore", "Workshop3.EFCore.Data.EFCore\Workshop3.EFCore.Data.EFCore.csproj", "{93D206B3-7A8F-4084-AF15-2F484DADBD4E}"
EndProject
Project("{FAE04EC0-301F-11D3-BF4B-00C04F79EFBC}") = "Workshop3.EFCore.Domain", "Workshop3.EFCore.Domain\Workshop3.EFCore.Domain.csproj", "{983DD88A-DB1E-4921-8D1E-93BE39E127A5}"
EndProject
Project("{FAE04EC0-301F-11D3-BF4B-00C04F79EFBC}") = "Workshop3.EFCore.WebAPI", "Workshop3.EFCore.WebAPI\Workshop3.EFCore.WebAPI.csproj", "{E01A6F05-A475-44AF-9EE5-FF9CB9EFF301}"
EndProject
Project("{2150E333-8FDC-42A3-9474-1A3956D46DE8}") = "Workshop 3 - EF Core", "Workshop 3 - EF Core", "{F90226F4-A597-41CB-9E18-989472542EE4}"
EndProject
Global
	GlobalSection(SolutionConfigurationPlatforms) = preSolution
		Debug|Any CPU = Debug|Any CPU
		Release|Any CPU = Release|Any CPU
	EndGlobalSection
	GlobalSection(ProjectConfigurationPlatforms) = postSolution
		{2B460220-209F-4C80-9AD5-2247CB34D1D1}.Debug|Any CPU.ActiveCfg = Debug|Any CPU
		{2B460220-209F-4C80-9AD5-2247CB34D1D1}.Debug|Any CPU.Build.0 = Debug|Any CPU
		{2B460220-209F-4C80-9AD5-2247CB34D1D1}.Release|Any CPU.ActiveCfg = Release|Any CPU
		{2B460220-209F-4C80-9AD5-2247CB34D1D1}.Release|Any CPU.Build.0 = Release|Any CPU
		{678C9B57-F36B-4FA1-A2B9-9F2E033E1C26}.Debug|Any CPU.ActiveCfg = Debug|Any CPU
		{678C9B57-F36B-4FA1-A2B9-9F2E033E1C26}.Debug|Any CPU.Build.0 = Debug|Any CPU
		{678C9B57-F36B-4FA1-A2B9-9F2E033E1C26}.Release|Any CPU.ActiveCfg = Release|Any CPU
		{678C9B57-F36B-4FA1-A2B9-9F2E033E1C26}.Release|Any CPU.Build.0 = Release|Any CPU
		{D748C0E3-0B71-424E-9DE9-321B1DA2FF38}.Debug|Any CPU.ActiveCfg = Debug|Any CPU
		{D748C0E3-0B71-424E-9DE9-321B1DA2FF38}.Debug|Any CPU.Build.0 = Debug|Any CPU
		{D748C0E3-0B71-424E-9DE9-321B1DA2FF38}.Release|Any CPU.ActiveCfg = Release|Any CPU
		{D748C0E3-0B71-424E-9DE9-321B1DA2FF38}.Release|Any CPU.Build.0 = Release|Any CPU
		{93D206B3-7A8F-4084-AF15-2F484DADBD4E}.Debug|Any CPU.ActiveCfg = Debug|Any CPU
		{93D206B3-7A8F-4084-AF15-2F484DADBD4E}.Debug|Any CPU.Build.0 = Debug|Any CPU
		{93D206B3-7A8F-4084-AF15-2F484DADBD4E}.Release|Any CPU.ActiveCfg = Release|Any CPU
		{93D206B3-7A8F-4084-AF15-2F484DADBD4E}.Release|Any CPU.Build.0 = Release|Any CPU
		{983DD88A-DB1E-4921-8D1E-93BE39E127A5}.Debug|Any CPU.ActiveCfg = Debug|Any CPU
		{983DD88A-DB1E-4921-8D1E-93BE39E127A5}.Debug|Any CPU.Build.0 = Debug|Any CPU
		{983DD88A-DB1E-4921-8D1E-93BE39E127A5}.Release|Any CPU.ActiveCfg = Release|Any CPU
		{983DD88A-DB1E-4921-8D1E-93BE39E127A5}.Release|Any CPU.Build.0 = Release|Any CPU
		{E01A6F05-A475-44AF-9EE5-FF9CB9EFF301}.Debug|Any CPU.ActiveCfg = Debug|Any CPU
		{E01A6F05-A475-44AF-9EE5-FF9CB9EFF301}.Debug|Any CPU.Build.0 = Debug|Any CPU
		{E01A6F05-A475-44AF-9EE5-FF9CB9EFF301}.Release|Any CPU.ActiveCfg = Release|Any CPU
		{E01A6F05-A475-44AF-9EE5-FF9CB9EFF301}.Release|Any CPU.Build.0 = Release|Any CPU
	EndGlobalSection
	GlobalSection(NestedProjects) = preSolution
		{2B460220-209F-4C80-9AD5-2247CB34D1D1} = {0878D748-71C8-41CB-B442-91B2040CC2FB}
		{678C9B57-F36B-4FA1-A2B9-9F2E033E1C26} = {8E1924D6-9A3C-43D5-8ECB-B32218E4828E}
		{D748C0E3-0B71-424E-9DE9-321B1DA2FF38} = {8E1924D6-9A3C-43D5-8ECB-B32218E4828E}
		{93D206B3-7A8F-4084-AF15-2F484DADBD4E} = {F90226F4-A597-41CB-9E18-989472542EE4}
		{983DD88A-DB1E-4921-8D1E-93BE39E127A5} = {F90226F4-A597-41CB-9E18-989472542EE4}
		{E01A6F05-A475-44AF-9EE5-FF9CB9EFF301} = {F90226F4-A597-41CB-9E18-989472542EE4}
	EndGlobalSection
EndGlobal
